
Microsoft Visual Studio Solution File, Format Version 12.00
# Visual Studio 15
VisualStudioVersion = 15.0.28010.2026
MinimumVisualStudioVersion = 10.0.40219.1
Project("{FAE04EC0-301F-11D3-BF4B-00C04F79EFBC}") = "Game", "Game\Game.csproj", "{C0ED2E58-5050-4C42-8366-841EE88DB444}"
EndProject
Global
	GlobalSection(SolutionConfigurationPlatforms) = preSolution
		Debug|Any CPU = Debug|Any CPU
		Release|Any CPU = Release|Any CPU
	EndGlobalSection
	GlobalSection(ProjectConfigurationPlatforms) = postSolution
		{C0ED2E58-5050-4C42-8366-841EE88DB444}.Debug|Any CPU.ActiveCfg = Debug|Any CPU
		{C0ED2E58-5050-4C42-8366-841EE88DB444}.Debug|Any CPU.Build.0 = Debug|Any CPU
		{C0ED2E58-5050-4C42-8366-841EE88DB444}.Release|Any CPU.ActiveCfg = Release|Any CPU
		{C0ED2E58-5050-4C42-8366-841EE88DB444}.Release|Any CPU.Build.0 = Release|Any CPU
	EndGlobalSection
	GlobalSection(SolutionProperties) = preSolution
		HideSolutionNode = FALSE
	EndGlobalSection
	GlobalSection(ExtensibilityGlobals) = postSolution
		SolutionGuid = {7DDDD9C9-0F76-4E41-B47C-F4B13F16D471}
	EndGlobalSection
EndGlobal
